{
  "name": "GoodStuff",
  "lockfileVersion": 2,
  "requires": true,
  "packages": {
    "": {
      "dependencies": {
        "sanitize": "^2.1.2",
        "string-sanitizer": "^2.0.2"
      },
      "devDependencies": {
        "@types/jquery": "^3.5.16"
      }
    },
    "node_modules/@types/jquery": {
      "version": "3.5.16",
      "resolved": "https://registry.npmjs.org/@types/jquery/-/jquery-3.5.16.tgz",
      "integrity": "sha512-bsI7y4ZgeMkmpG9OM710RRzDFp+w4P1RGiIt30C1mSBT+ExCleeh4HObwgArnDFELmRrOpXgSYN9VF1hj+f1lw==",
      "dev": true,
      "dependencies": {
        "@types/sizzle": "*"
      }
    },
    "node_modules/@types/sizzle": {
      "version": "2.3.3",
      "resolved": "https://registry.npmjs.org/@types/sizzle/-/sizzle-2.3.3.tgz",
      "integrity": "sha512-JYM8x9EGF163bEyhdJBpR2QX1R5naCJHC8ucJylJ3w9/CVBaskdQ8WqBf8MmQrd1kRvp/a4TS8HJ+bxzR7ZJYQ==",
      "dev": true
    },
    "node_modules/lodash": {
      "version": "4.17.21",
      "resolved": "https://registry.npmjs.org/lodash/-/lodash-4.17.21.tgz",
      "integrity": "sha512-v2kDEe57lecTulaDIuNTPy3Ry4gLGJ6Z1O3vE1krgXZNrsQ+LFTGHVxVjcXPs17LhbZVGedAJv8XZ1tvj5FvSg=="
    },
    "node_modules/sanitize": {
      "version": "2.1.2",
      "resolved": "https://registry.npmjs.org/sanitize/-/sanitize-2.1.2.tgz",
      "integrity": "sha512-AnH/jvL3XQDRVWE2H4E7BBpDfNTDYAX37gRhoA/Hj/8rjeOKAIiu10lpatCubWUTc9K6dCv7uK9iZQ82wGRmDA==",
      "dependencies": {
        "lodash": "^4.17.0",
        "validator": "^13.7.0"
      }
    },
    "node_modules/string-sanitizer": {
      "version": "2.0.2",
      "resolved": "https://registry.npmjs.org/string-sanitizer/-/string-sanitizer-2.0.2.tgz",
      "integrity": "sha512-zECtWmUawolaVbUOdDRdhAM4jN7wl1sB4indjTmHpUFavzFSeYEDSVF85dZPPyDKoMRTJbrz+Tp0SjPPCWxscA=="
    },
    "node_modules/validator": {
      "version": "13.7.0",
      "resolved": "https://registry.npmjs.org/validator/-/validator-13.7.0.tgz",
      "integrity": "sha512-nYXQLCBkpJ8X6ltALua9dRrZDHVYxjJ1wgskNt1lH9fzGjs3tgojGSCBjmEPwkWS1y29+DrizMTW19Pr9uB2nw==",
      "engines": {
        "node": ">= 0.10"
      }
    }
  },
  "dependencies": {
    "@types/jquery": {
      "version": "3.5.16",
      "resolved": "https://registry.npmjs.org/@types/jquery/-/jquery-3.5.16.tgz",
      "integrity": "sha512-bsI7y4ZgeMkmpG9OM710RRzDFp+w4P1RGiIt30C1mSBT+ExCleeh4HObwgArnDFELmRrOpXgSYN9VF1hj+f1lw==",
      "dev": true,
      "requires": {
        "@types/sizzle": "*"
      }
    },
    "@types/sizzle": {
      "version": "2.3.3",
      "resolved": "https://registry.npmjs.org/@types/sizzle/-/sizzle-2.3.3.tgz",
      "integrity": "sha512-JYM8x9EGF163bEyhdJBpR2QX1R5naCJHC8ucJylJ3w9/CVBaskdQ8WqBf8MmQrd1kRvp/a4TS8HJ+bxzR7ZJYQ==",
      "dev": true
    },
    "lodash": {
      "version": "4.17.21",
      "resolved": "https://registry.npmjs.org/lodash/-/lodash-4.17.21.tgz",
      "integrity": "sha512-v2kDEe57lecTulaDIuNTPy3Ry4gLGJ6Z1O3vE1krgXZNrsQ+LFTGHVxVjcXPs17LhbZVGedAJv8XZ1tvj5FvSg=="
    },
    "sanitize": {
      "version": "2.1.2",
      "resolved": "https://registry.npmjs.org/sanitize/-/sanitize-2.1.2.tgz",
      "integrity": "sha512-AnH/jvL3XQDRVWE2H4E7BBpDfNTDYAX37gRhoA/Hj/8rjeOKAIiu10lpatCubWUTc9K6dCv7uK9iZQ82wGRmDA==",
      "requires": {
        "lodash": "^4.17.0",
        "validator": "^13.7.0"
      }
    },
    "string-sanitizer": {
      "version": "2.0.2",
      "resolved": "https://registry.npmjs.org/string-sanitizer/-/string-sanitizer-2.0.2.tgz",
      "integrity": "sha512-zECtWmUawolaVbUOdDRdhAM4jN7wl1sB4indjTmHpUFavzFSeYEDSVF85dZPPyDKoMRTJbrz+Tp0SjPPCWxscA=="
    },
    "validator": {
      "version": "13.7.0",
      "resolved": "https://registry.npmjs.org/validator/-/validator-13.7.0.tgz",
      "integrity": "sha512-nYXQLCBkpJ8X6ltALua9dRrZDHVYxjJ1wgskNt1lH9fzGjs3tgojGSCBjmEPwkWS1y29+DrizMTW19Pr9uB2nw=="
    }
  }
}
